
Microsoft Visual Studio Solution File, Format Version 12.00
# Visual Studio Version 16
VisualStudioVersion = 16.0.28822.285
MinimumVisualStudioVersion = 10.0.40219.1
Project("{9A19103F-16F7-4668-BE54-9A1E7A4F7556}") = "ConstructionCompanyAPI", "ConstructionCompanyAPI\ConstructionCompanyAPI.csproj", "{DB1A3A94-B998-41B7-BFFA-73C122BC0302}"
EndProject
Project("{9A19103F-16F7-4668-BE54-9A1E7A4F7556}") = "ConstructionCompanyAPITests", "ConstructionCompanyAPITests\ConstructionCompanyAPITests.csproj", "{A48BF9BA-F0C4-4948-8BEC-1E864630D529}"
EndProject
Project("{9A19103F-16F7-4668-BE54-9A1E7A4F7556}") = "ConstructionCompany", "ConstructionCompany\ConstructionCompany.csproj", "{A2900C90-9003-4BC8-A083-F6D1EF39E380}"
EndProject
Project("{2150E333-8FDC-42A3-9474-1A3956D46DE8}") = "UI", "UI", "{C65DBAE4-D6FB-42DD-A102-A72E0B37632A}"
EndProject
Project("{FAE04EC0-301F-11D3-BF4B-00C04F79EFBC}") = "ConstructionCompanyWinDesktop", "ConstructionCompanyWinDesktop\ConstructionCompanyWinDesktop.csproj", "{F2C8E9DB-9E99-4111-A075-E17DFE393318}"
EndProject
Project("{9A19103F-16F7-4668-BE54-9A1E7A4F7556}") = "ConstructionCompanyDataLayer", "ConstructionCompanyDataLayer\ConstructionCompanyDataLayer.csproj", "{638D2C7C-909A-4989-8669-A104A5BE6792}"
EndProject
Project("{9A19103F-16F7-4668-BE54-9A1E7A4F7556}") = "ConstructionCompanyModel", "ConstructionCompanyModel\ConstructionCompanyModel.csproj", "{F41A0D26-C08B-4A40-86CF-5E13B9CF3284}"
EndProject
Project("{FAE04EC0-301F-11D3-BF4B-00C04F79EFBC}") = "Testni1", "Testni1\Testni1.csproj", "{6330A716-6C03-4C48-B1B6-5CA0867E0EA6}"
EndProject
Global
	GlobalSection(SolutionConfigurationPlatforms) = preSolution
		Debug|Any CPU = Debug|Any CPU
		Release|Any CPU = Release|Any CPU
	EndGlobalSection
	GlobalSection(ProjectConfigurationPlatforms) = postSolution
		{DB1A3A94-B998-41B7-BFFA-73C122BC0302}.Debug|Any CPU.ActiveCfg = Debug|Any CPU
		{DB1A3A94-B998-41B7-BFFA-73C122BC0302}.Debug|Any CPU.Build.0 = Debug|Any CPU
		{DB1A3A94-B998-41B7-BFFA-73C122BC0302}.Release|Any CPU.ActiveCfg = Release|Any CPU
		{DB1A3A94-B998-41B7-BFFA-73C122BC0302}.Release|Any CPU.Build.0 = Release|Any CPU
		{A48BF9BA-F0C4-4948-8BEC-1E864630D529}.Debug|Any CPU.ActiveCfg = Debug|Any CPU
		{A48BF9BA-F0C4-4948-8BEC-1E864630D529}.Debug|Any CPU.Build.0 = Debug|Any CPU
		{A48BF9BA-F0C4-4948-8BEC-1E864630D529}.Release|Any CPU.ActiveCfg = Release|Any CPU
		{A48BF9BA-F0C4-4948-8BEC-1E864630D529}.Release|Any CPU.Build.0 = Release|Any CPU
		{A2900C90-9003-4BC8-A083-F6D1EF39E380}.Debug|Any CPU.ActiveCfg = Debug|Any CPU
		{A2900C90-9003-4BC8-A083-F6D1EF39E380}.Debug|Any CPU.Build.0 = Debug|Any CPU
		{A2900C90-9003-4BC8-A083-F6D1EF39E380}.Release|Any CPU.ActiveCfg = Release|Any CPU
		{A2900C90-9003-4BC8-A083-F6D1EF39E380}.Release|Any CPU.Build.0 = Release|Any CPU
		{F2C8E9DB-9E99-4111-A075-E17DFE393318}.Debug|Any CPU.ActiveCfg = Debug|Any CPU
		{F2C8E9DB-9E99-4111-A075-E17DFE393318}.Debug|Any CPU.Build.0 = Debug|Any CPU
		{F2C8E9DB-9E99-4111-A075-E17DFE393318}.Release|Any CPU.ActiveCfg = Release|Any CPU
		{F2C8E9DB-9E99-4111-A075-E17DFE393318}.Release|Any CPU.Build.0 = Release|Any CPU
		{638D2C7C-909A-4989-8669-A104A5BE6792}.Debug|Any CPU.ActiveCfg = Debug|Any CPU
		{638D2C7C-909A-4989-8669-A104A5BE6792}.Debug|Any CPU.Build.0 = Debug|Any CPU
		{638D2C7C-909A-4989-8669-A104A5BE6792}.Release|Any CPU.ActiveCfg = Release|Any CPU
		{638D2C7C-909A-4989-8669-A104A5BE6792}.Release|Any CPU.Build.0 = Release|Any CPU
		{F41A0D26-C08B-4A40-86CF-5E13B9CF3284}.Debug|Any CPU.ActiveCfg = Debug|Any CPU
		{F41A0D26-C08B-4A40-86CF-5E13B9CF3284}.Debug|Any CPU.Build.0 = Debug|Any CPU
		{F41A0D26-C08B-4A40-86CF-5E13B9CF3284}.Release|Any CPU.ActiveCfg = Release|Any CPU
		{F41A0D26-C08B-4A40-86CF-5E13B9CF3284}.Release|Any CPU.Build.0 = Release|Any CPU
		{6330A716-6C03-4C48-B1B6-5CA0867E0EA6}.Debug|Any CPU.ActiveCfg = Debug|Any CPU
		{6330A716-6C03-4C48-B1B6-5CA0867E0EA6}.Debug|Any CPU.Build.0 = Debug|Any CPU
		{6330A716-6C03-4C48-B1B6-5CA0867E0EA6}.Release|Any CPU.ActiveCfg = Release|Any CPU
		{6330A716-6C03-4C48-B1B6-5CA0867E0EA6}.Release|Any CPU.Build.0 = Release|Any CPU
	EndGlobalSection
	GlobalSection(SolutionProperties) = preSolution
		HideSolutionNode = FALSE
	EndGlobalSection
	GlobalSection(NestedProjects) = preSolution
		{F2C8E9DB-9E99-4111-A075-E17DFE393318} = {C65DBAE4-D6FB-42DD-A102-A72E0B37632A}
	EndGlobalSection
	GlobalSection(ExtensibilityGlobals) = postSolution
		SolutionGuid = {7858CDF4-8F36-4FE6-8FF6-DFA9B3AD4496}
	EndGlobalSection
EndGlobal
