
Microsoft Visual Studio Solution File, Format Version 12.00
# Visual Studio Version 16
VisualStudioVersion = 16.0.28822.285
MinimumVisualStudioVersion = 10.0.40219.1
Project("{9A19103F-16F7-4668-BE54-9A1E7A4F7556}") = "ConstructionCompanyAPI", "ConstructionCompanyAPI\ConstructionCompanyAPI.csproj", "{DB1A3A94-B998-41B7-BFFA-73C122BC0302}"
EndProject
Project("{FAE04EC0-301F-11D3-BF4B-00C04F79EFBC}") = "DataLayer", "DataLayer\DataLayer.csproj", "{1763108F-E4E6-4DE8-9117-25DA23A2BE21}"
EndProject
Global
	GlobalSection(SolutionConfigurationPlatforms) = preSolution
		Debug|Any CPU = Debug|Any CPU
		Release|Any CPU = Release|Any CPU
	EndGlobalSection
	GlobalSection(ProjectConfigurationPlatforms) = postSolution
		{DB1A3A94-B998-41B7-BFFA-73C122BC0302}.Debug|Any CPU.ActiveCfg = Debug|Any CPU
		{DB1A3A94-B998-41B7-BFFA-73C122BC0302}.Debug|Any CPU.Build.0 = Debug|Any CPU
		{DB1A3A94-B998-41B7-BFFA-73C122BC0302}.Release|Any CPU.ActiveCfg = Release|Any CPU
		{DB1A3A94-B998-41B7-BFFA-73C122BC0302}.Release|Any CPU.Build.0 = Release|Any CPU
		{1763108F-E4E6-4DE8-9117-25DA23A2BE21}.Debug|Any CPU.ActiveCfg = Debug|Any CPU
		{1763108F-E4E6-4DE8-9117-25DA23A2BE21}.Debug|Any CPU.Build.0 = Debug|Any CPU
		{1763108F-E4E6-4DE8-9117-25DA23A2BE21}.Release|Any CPU.ActiveCfg = Release|Any CPU
		{1763108F-E4E6-4DE8-9117-25DA23A2BE21}.Release|Any CPU.Build.0 = Release|Any CPU
	EndGlobalSection
	GlobalSection(SolutionProperties) = preSolution
		HideSolutionNode = FALSE
	EndGlobalSection
	GlobalSection(ExtensibilityGlobals) = postSolution
		SolutionGuid = {7858CDF4-8F36-4FE6-8FF6-DFA9B3AD4496}
	EndGlobalSection
EndGlobal
