
Microsoft Visual Studio Solution File, Format Version 12.00
# Visual Studio Version 16
VisualStudioVersion = 16.0.28822.285
MinimumVisualStudioVersion = 10.0.40219.1
Project("{9A19103F-16F7-4668-BE54-9A1E7A4F7556}") = "ConstructionCompanyAPI", "ConstructionCompanyAPI\ConstructionCompanyAPI.csproj", "{DB1A3A94-B998-41B7-BFFA-73C122BC0302}"
EndProject
Project("{9A19103F-16F7-4668-BE54-9A1E7A4F7556}") = "ConstructionCompanyAPITests", "ConstructionCompanyAPITests\ConstructionCompanyAPITests.csproj", "{A48BF9BA-F0C4-4948-8BEC-1E864630D529}"
EndProject
Project("{9A19103F-16F7-4668-BE54-9A1E7A4F7556}") = "ConstructionCompany", "ConstructionCompany\ConstructionCompany.csproj", "{A2900C90-9003-4BC8-A083-F6D1EF39E380}"
EndProject
Project("{2150E333-8FDC-42A3-9474-1A3956D46DE8}") = "UI", "UI", "{C65DBAE4-D6FB-42DD-A102-A72E0B37632A}"
EndProject
Project("{FAE04EC0-301F-11D3-BF4B-00C04F79EFBC}") = "ConstructionCompanyWinDesktop", "ConstructionCompanyWinDesktop\ConstructionCompanyWinDesktop.csproj", "{F2C8E9DB-9E99-4111-A075-E17DFE393318}"
EndProject
Project("{9A19103F-16F7-4668-BE54-9A1E7A4F7556}") = "ConstructionCompanyDataLayer", "ConstructionCompanyDataLayer\ConstructionCompanyDataLayer.csproj", "{638D2C7C-909A-4989-8669-A104A5BE6792}"
EndProject
Project("{9A19103F-16F7-4668-BE54-9A1E7A4F7556}") = "ConstructionCompanyModel", "ConstructionCompanyModel\ConstructionCompanyModel.csproj", "{F41A0D26-C08B-4A40-86CF-5E13B9CF3284}"
EndProject
Project("{FAE04EC0-301F-11D3-BF4B-00C04F79EFBC}") = "ConstructionCompanyMobile.UWP", "ConstructionCompanyMobile\ConstructionCompanyMobile.UWP\ConstructionCompanyMobile.UWP.csproj", "{D620FE87-E7AD-4C62-866E-40F33A703837}"
EndProject
Project("{FAE04EC0-301F-11D3-BF4B-00C04F79EFBC}") = "ConstructionCompanyMobile.Android", "ConstructionCompanyMobile\ConstructionCompanyMobile.Android\ConstructionCompanyMobile.Android.csproj", "{7E64C5BF-0417-42F4-B017-5EA66700E337}"
EndProject
Project("{FAE04EC0-301F-11D3-BF4B-00C04F79EFBC}") = "ConstructionCompanyMobile.iOS", "ConstructionCompanyMobile\ConstructionCompanyMobile.iOS\ConstructionCompanyMobile.iOS.csproj", "{F02E3E0A-B5A6-4FBB-81A3-61C9BB7D89AA}"
EndProject
Project("{FAE04EC0-301F-11D3-BF4B-00C04F79EFBC}") = "ConstructionCompanyMobile", "ConstructionCompanyMobile\ConstructionCompanyMobile\ConstructionCompanyMobile.csproj", "{D809AECE-8838-4C5C-9BA3-D7F9C80804B5}"
EndProject
Global
	GlobalSection(SolutionConfigurationPlatforms) = preSolution
		Debug|Any CPU = Debug|Any CPU
		Debug|ARM = Debug|ARM
		Debug|iPhone = Debug|iPhone
		Debug|iPhoneSimulator = Debug|iPhoneSimulator
		Debug|x64 = Debug|x64
		Debug|x86 = Debug|x86
		Release|Any CPU = Release|Any CPU
		Release|ARM = Release|ARM
		Release|iPhone = Release|iPhone
		Release|iPhoneSimulator = Release|iPhoneSimulator
		Release|x64 = Release|x64
		Release|x86 = Release|x86
	EndGlobalSection
	GlobalSection(ProjectConfigurationPlatforms) = postSolution
		{DB1A3A94-B998-41B7-BFFA-73C122BC0302}.Debug|Any CPU.ActiveCfg = Debug|Any CPU
		{DB1A3A94-B998-41B7-BFFA-73C122BC0302}.Debug|Any CPU.Build.0 = Debug|Any CPU
		{DB1A3A94-B998-41B7-BFFA-73C122BC0302}.Debug|ARM.ActiveCfg = Debug|Any CPU
		{DB1A3A94-B998-41B7-BFFA-73C122BC0302}.Debug|ARM.Build.0 = Debug|Any CPU
		{DB1A3A94-B998-41B7-BFFA-73C122BC0302}.Debug|iPhone.ActiveCfg = Debug|Any CPU
		{DB1A3A94-B998-41B7-BFFA-73C122BC0302}.Debug|iPhone.Build.0 = Debug|Any CPU
		{DB1A3A94-B998-41B7-BFFA-73C122BC0302}.Debug|iPhoneSimulator.ActiveCfg = Debug|Any CPU
		{DB1A3A94-B998-41B7-BFFA-73C122BC0302}.Debug|iPhoneSimulator.Build.0 = Debug|Any CPU
		{DB1A3A94-B998-41B7-BFFA-73C122BC0302}.Debug|x64.ActiveCfg = Debug|Any CPU
		{DB1A3A94-B998-41B7-BFFA-73C122BC0302}.Debug|x64.Build.0 = Debug|Any CPU
		{DB1A3A94-B998-41B7-BFFA-73C122BC0302}.Debug|x86.ActiveCfg = Debug|Any CPU
		{DB1A3A94-B998-41B7-BFFA-73C122BC0302}.Debug|x86.Build.0 = Debug|Any CPU
		{DB1A3A94-B998-41B7-BFFA-73C122BC0302}.Release|Any CPU.ActiveCfg = Release|Any CPU
		{DB1A3A94-B998-41B7-BFFA-73C122BC0302}.Release|Any CPU.Build.0 = Release|Any CPU
		{DB1A3A94-B998-41B7-BFFA-73C122BC0302}.Release|ARM.ActiveCfg = Release|Any CPU
		{DB1A3A94-B998-41B7-BFFA-73C122BC0302}.Release|ARM.Build.0 = Release|Any CPU
		{DB1A3A94-B998-41B7-BFFA-73C122BC0302}.Release|iPhone.ActiveCfg = Release|Any CPU
		{DB1A3A94-B998-41B7-BFFA-73C122BC0302}.Release|iPhone.Build.0 = Release|Any CPU
		{DB1A3A94-B998-41B7-BFFA-73C122BC0302}.Release|iPhoneSimulator.ActiveCfg = Release|Any CPU
		{DB1A3A94-B998-41B7-BFFA-73C122BC0302}.Release|iPhoneSimulator.Build.0 = Release|Any CPU
		{DB1A3A94-B998-41B7-BFFA-73C122BC0302}.Release|x64.ActiveCfg = Release|Any CPU
		{DB1A3A94-B998-41B7-BFFA-73C122BC0302}.Release|x64.Build.0 = Release|Any CPU
		{DB1A3A94-B998-41B7-BFFA-73C122BC0302}.Release|x86.ActiveCfg = Release|Any CPU
		{DB1A3A94-B998-41B7-BFFA-73C122BC0302}.Release|x86.Build.0 = Release|Any CPU
		{A48BF9BA-F0C4-4948-8BEC-1E864630D529}.Debug|Any CPU.ActiveCfg = Debug|Any CPU
		{A48BF9BA-F0C4-4948-8BEC-1E864630D529}.Debug|Any CPU.Build.0 = Debug|Any CPU
		{A48BF9BA-F0C4-4948-8BEC-1E864630D529}.Debug|ARM.ActiveCfg = Debug|Any CPU
		{A48BF9BA-F0C4-4948-8BEC-1E864630D529}.Debug|ARM.Build.0 = Debug|Any CPU
		{A48BF9BA-F0C4-4948-8BEC-1E864630D529}.Debug|iPhone.ActiveCfg = Debug|Any CPU
		{A48BF9BA-F0C4-4948-8BEC-1E864630D529}.Debug|iPhone.Build.0 = Debug|Any CPU
		{A48BF9BA-F0C4-4948-8BEC-1E864630D529}.Debug|iPhoneSimulator.ActiveCfg = Debug|Any CPU
		{A48BF9BA-F0C4-4948-8BEC-1E864630D529}.Debug|iPhoneSimulator.Build.0 = Debug|Any CPU
		{A48BF9BA-F0C4-4948-8BEC-1E864630D529}.Debug|x64.ActiveCfg = Debug|Any CPU
		{A48BF9BA-F0C4-4948-8BEC-1E864630D529}.Debug|x64.Build.0 = Debug|Any CPU
		{A48BF9BA-F0C4-4948-8BEC-1E864630D529}.Debug|x86.ActiveCfg = Debug|Any CPU
		{A48BF9BA-F0C4-4948-8BEC-1E864630D529}.Debug|x86.Build.0 = Debug|Any CPU
		{A48BF9BA-F0C4-4948-8BEC-1E864630D529}.Release|Any CPU.ActiveCfg = Release|Any CPU
		{A48BF9BA-F0C4-4948-8BEC-1E864630D529}.Release|Any CPU.Build.0 = Release|Any CPU
		{A48BF9BA-F0C4-4948-8BEC-1E864630D529}.Release|ARM.ActiveCfg = Release|Any CPU
		{A48BF9BA-F0C4-4948-8BEC-1E864630D529}.Release|ARM.Build.0 = Release|Any CPU
		{A48BF9BA-F0C4-4948-8BEC-1E864630D529}.Release|iPhone.ActiveCfg = Release|Any CPU
		{A48BF9BA-F0C4-4948-8BEC-1E864630D529}.Release|iPhone.Build.0 = Release|Any CPU
		{A48BF9BA-F0C4-4948-8BEC-1E864630D529}.Release|iPhoneSimulator.ActiveCfg = Release|Any CPU
		{A48BF9BA-F0C4-4948-8BEC-1E864630D529}.Release|iPhoneSimulator.Build.0 = Release|Any CPU
		{A48BF9BA-F0C4-4948-8BEC-1E864630D529}.Release|x64.ActiveCfg = Release|Any CPU
		{A48BF9BA-F0C4-4948-8BEC-1E864630D529}.Release|x64.Build.0 = Release|Any CPU
		{A48BF9BA-F0C4-4948-8BEC-1E864630D529}.Release|x86.ActiveCfg = Release|Any CPU
		{A48BF9BA-F0C4-4948-8BEC-1E864630D529}.Release|x86.Build.0 = Release|Any CPU
		{A2900C90-9003-4BC8-A083-F6D1EF39E380}.Debug|Any CPU.ActiveCfg = Debug|Any CPU
		{A2900C90-9003-4BC8-A083-F6D1EF39E380}.Debug|Any CPU.Build.0 = Debug|Any CPU
		{A2900C90-9003-4BC8-A083-F6D1EF39E380}.Debug|ARM.ActiveCfg = Debug|Any CPU
		{A2900C90-9003-4BC8-A083-F6D1EF39E380}.Debug|ARM.Build.0 = Debug|Any CPU
		{A2900C90-9003-4BC8-A083-F6D1EF39E380}.Debug|iPhone.ActiveCfg = Debug|Any CPU
		{A2900C90-9003-4BC8-A083-F6D1EF39E380}.Debug|iPhone.Build.0 = Debug|Any CPU
		{A2900C90-9003-4BC8-A083-F6D1EF39E380}.Debug|iPhoneSimulator.ActiveCfg = Debug|Any CPU
		{A2900C90-9003-4BC8-A083-F6D1EF39E380}.Debug|iPhoneSimulator.Build.0 = Debug|Any CPU
		{A2900C90-9003-4BC8-A083-F6D1EF39E380}.Debug|x64.ActiveCfg = Debug|Any CPU
		{A2900C90-9003-4BC8-A083-F6D1EF39E380}.Debug|x64.Build.0 = Debug|Any CPU
		{A2900C90-9003-4BC8-A083-F6D1EF39E380}.Debug|x86.ActiveCfg = Debug|Any CPU
		{A2900C90-9003-4BC8-A083-F6D1EF39E380}.Debug|x86.Build.0 = Debug|Any CPU
		{A2900C90-9003-4BC8-A083-F6D1EF39E380}.Release|Any CPU.ActiveCfg = Release|Any CPU
		{A2900C90-9003-4BC8-A083-F6D1EF39E380}.Release|Any CPU.Build.0 = Release|Any CPU
		{A2900C90-9003-4BC8-A083-F6D1EF39E380}.Release|ARM.ActiveCfg = Release|Any CPU
		{A2900C90-9003-4BC8-A083-F6D1EF39E380}.Release|ARM.Build.0 = Release|Any CPU
		{A2900C90-9003-4BC8-A083-F6D1EF39E380}.Release|iPhone.ActiveCfg = Release|Any CPU
		{A2900C90-9003-4BC8-A083-F6D1EF39E380}.Release|iPhone.Build.0 = Release|Any CPU
		{A2900C90-9003-4BC8-A083-F6D1EF39E380}.Release|iPhoneSimulator.ActiveCfg = Release|Any CPU
		{A2900C90-9003-4BC8-A083-F6D1EF39E380}.Release|iPhoneSimulator.Build.0 = Release|Any CPU
		{A2900C90-9003-4BC8-A083-F6D1EF39E380}.Release|x64.ActiveCfg = Release|Any CPU
		{A2900C90-9003-4BC8-A083-F6D1EF39E380}.Release|x64.Build.0 = Release|Any CPU
		{A2900C90-9003-4BC8-A083-F6D1EF39E380}.Release|x86.ActiveCfg = Release|Any CPU
		{A2900C90-9003-4BC8-A083-F6D1EF39E380}.Release|x86.Build.0 = Release|Any CPU
		{F2C8E9DB-9E99-4111-A075-E17DFE393318}.Debug|Any CPU.ActiveCfg = Debug|Any CPU
		{F2C8E9DB-9E99-4111-A075-E17DFE393318}.Debug|Any CPU.Build.0 = Debug|Any CPU
		{F2C8E9DB-9E99-4111-A075-E17DFE393318}.Debug|ARM.ActiveCfg = Debug|Any CPU
		{F2C8E9DB-9E99-4111-A075-E17DFE393318}.Debug|ARM.Build.0 = Debug|Any CPU
		{F2C8E9DB-9E99-4111-A075-E17DFE393318}.Debug|iPhone.ActiveCfg = Debug|Any CPU
		{F2C8E9DB-9E99-4111-A075-E17DFE393318}.Debug|iPhone.Build.0 = Debug|Any CPU
		{F2C8E9DB-9E99-4111-A075-E17DFE393318}.Debug|iPhoneSimulator.ActiveCfg = Debug|Any CPU
		{F2C8E9DB-9E99-4111-A075-E17DFE393318}.Debug|iPhoneSimulator.Build.0 = Debug|Any CPU
		{F2C8E9DB-9E99-4111-A075-E17DFE393318}.Debug|x64.ActiveCfg = Debug|Any CPU
		{F2C8E9DB-9E99-4111-A075-E17DFE393318}.Debug|x64.Build.0 = Debug|Any CPU
		{F2C8E9DB-9E99-4111-A075-E17DFE393318}.Debug|x86.ActiveCfg = Debug|Any CPU
		{F2C8E9DB-9E99-4111-A075-E17DFE393318}.Debug|x86.Build.0 = Debug|Any CPU
		{F2C8E9DB-9E99-4111-A075-E17DFE393318}.Release|Any CPU.ActiveCfg = Release|Any CPU
		{F2C8E9DB-9E99-4111-A075-E17DFE393318}.Release|Any CPU.Build.0 = Release|Any CPU
		{F2C8E9DB-9E99-4111-A075-E17DFE393318}.Release|ARM.ActiveCfg = Release|Any CPU
		{F2C8E9DB-9E99-4111-A075-E17DFE393318}.Release|ARM.Build.0 = Release|Any CPU
		{F2C8E9DB-9E99-4111-A075-E17DFE393318}.Release|iPhone.ActiveCfg = Release|Any CPU
		{F2C8E9DB-9E99-4111-A075-E17DFE393318}.Release|iPhone.Build.0 = Release|Any CPU
		{F2C8E9DB-9E99-4111-A075-E17DFE393318}.Release|iPhoneSimulator.ActiveCfg = Release|Any CPU
		{F2C8E9DB-9E99-4111-A075-E17DFE393318}.Release|iPhoneSimulator.Build.0 = Release|Any CPU
		{F2C8E9DB-9E99-4111-A075-E17DFE393318}.Release|x64.ActiveCfg = Release|Any CPU
		{F2C8E9DB-9E99-4111-A075-E17DFE393318}.Release|x64.Build.0 = Release|Any CPU
		{F2C8E9DB-9E99-4111-A075-E17DFE393318}.Release|x86.ActiveCfg = Release|Any CPU
		{F2C8E9DB-9E99-4111-A075-E17DFE393318}.Release|x86.Build.0 = Release|Any CPU
		{638D2C7C-909A-4989-8669-A104A5BE6792}.Debug|Any CPU.ActiveCfg = Debug|Any CPU
		{638D2C7C-909A-4989-8669-A104A5BE6792}.Debug|Any CPU.Build.0 = Debug|Any CPU
		{638D2C7C-909A-4989-8669-A104A5BE6792}.Debug|ARM.ActiveCfg = Debug|Any CPU
		{638D2C7C-909A-4989-8669-A104A5BE6792}.Debug|ARM.Build.0 = Debug|Any CPU
		{638D2C7C-909A-4989-8669-A104A5BE6792}.Debug|iPhone.ActiveCfg = Debug|Any CPU
		{638D2C7C-909A-4989-8669-A104A5BE6792}.Debug|iPhone.Build.0 = Debug|Any CPU
		{638D2C7C-909A-4989-8669-A104A5BE6792}.Debug|iPhoneSimulator.ActiveCfg = Debug|Any CPU
		{638D2C7C-909A-4989-8669-A104A5BE6792}.Debug|iPhoneSimulator.Build.0 = Debug|Any CPU
		{638D2C7C-909A-4989-8669-A104A5BE6792}.Debug|x64.ActiveCfg = Debug|Any CPU
		{638D2C7C-909A-4989-8669-A104A5BE6792}.Debug|x64.Build.0 = Debug|Any CPU
		{638D2C7C-909A-4989-8669-A104A5BE6792}.Debug|x86.ActiveCfg = Debug|Any CPU
		{638D2C7C-909A-4989-8669-A104A5BE6792}.Debug|x86.Build.0 = Debug|Any CPU
		{638D2C7C-909A-4989-8669-A104A5BE6792}.Release|Any CPU.ActiveCfg = Release|Any CPU
		{638D2C7C-909A-4989-8669-A104A5BE6792}.Release|Any CPU.Build.0 = Release|Any CPU
		{638D2C7C-909A-4989-8669-A104A5BE6792}.Release|ARM.ActiveCfg = Release|Any CPU
		{638D2C7C-909A-4989-8669-A104A5BE6792}.Release|ARM.Build.0 = Release|Any CPU
		{638D2C7C-909A-4989-8669-A104A5BE6792}.Release|iPhone.ActiveCfg = Release|Any CPU
		{638D2C7C-909A-4989-8669-A104A5BE6792}.Release|iPhone.Build.0 = Release|Any CPU
		{638D2C7C-909A-4989-8669-A104A5BE6792}.Release|iPhoneSimulator.ActiveCfg = Release|Any CPU
		{638D2C7C-909A-4989-8669-A104A5BE6792}.Release|iPhoneSimulator.Build.0 = Release|Any CPU
		{638D2C7C-909A-4989-8669-A104A5BE6792}.Release|x64.ActiveCfg = Release|Any CPU
		{638D2C7C-909A-4989-8669-A104A5BE6792}.Release|x64.Build.0 = Release|Any CPU
		{638D2C7C-909A-4989-8669-A104A5BE6792}.Release|x86.ActiveCfg = Release|Any CPU
		{638D2C7C-909A-4989-8669-A104A5BE6792}.Release|x86.Build.0 = Release|Any CPU
		{F41A0D26-C08B-4A40-86CF-5E13B9CF3284}.Debug|Any CPU.ActiveCfg = Debug|Any CPU
		{F41A0D26-C08B-4A40-86CF-5E13B9CF3284}.Debug|Any CPU.Build.0 = Debug|Any CPU
		{F41A0D26-C08B-4A40-86CF-5E13B9CF3284}.Debug|ARM.ActiveCfg = Debug|Any CPU
		{F41A0D26-C08B-4A40-86CF-5E13B9CF3284}.Debug|ARM.Build.0 = Debug|Any CPU
		{F41A0D26-C08B-4A40-86CF-5E13B9CF3284}.Debug|iPhone.ActiveCfg = Debug|Any CPU
		{F41A0D26-C08B-4A40-86CF-5E13B9CF3284}.Debug|iPhone.Build.0 = Debug|Any CPU
		{F41A0D26-C08B-4A40-86CF-5E13B9CF3284}.Debug|iPhoneSimulator.ActiveCfg = Debug|Any CPU
		{F41A0D26-C08B-4A40-86CF-5E13B9CF3284}.Debug|iPhoneSimulator.Build.0 = Debug|Any CPU
		{F41A0D26-C08B-4A40-86CF-5E13B9CF3284}.Debug|x64.ActiveCfg = Debug|Any CPU
		{F41A0D26-C08B-4A40-86CF-5E13B9CF3284}.Debug|x64.Build.0 = Debug|Any CPU
		{F41A0D26-C08B-4A40-86CF-5E13B9CF3284}.Debug|x86.ActiveCfg = Debug|Any CPU
		{F41A0D26-C08B-4A40-86CF-5E13B9CF3284}.Debug|x86.Build.0 = Debug|Any CPU
		{F41A0D26-C08B-4A40-86CF-5E13B9CF3284}.Release|Any CPU.ActiveCfg = Release|Any CPU
		{F41A0D26-C08B-4A40-86CF-5E13B9CF3284}.Release|Any CPU.Build.0 = Release|Any CPU
		{F41A0D26-C08B-4A40-86CF-5E13B9CF3284}.Release|ARM.ActiveCfg = Release|Any CPU
		{F41A0D26-C08B-4A40-86CF-5E13B9CF3284}.Release|ARM.Build.0 = Release|Any CPU
		{F41A0D26-C08B-4A40-86CF-5E13B9CF3284}.Release|iPhone.ActiveCfg = Release|Any CPU
		{F41A0D26-C08B-4A40-86CF-5E13B9CF3284}.Release|iPhone.Build.0 = Release|Any CPU
		{F41A0D26-C08B-4A40-86CF-5E13B9CF3284}.Release|iPhoneSimulator.ActiveCfg = Release|Any CPU
		{F41A0D26-C08B-4A40-86CF-5E13B9CF3284}.Release|iPhoneSimulator.Build.0 = Release|Any CPU
		{F41A0D26-C08B-4A40-86CF-5E13B9CF3284}.Release|x64.ActiveCfg = Release|Any CPU
		{F41A0D26-C08B-4A40-86CF-5E13B9CF3284}.Release|x64.Build.0 = Release|Any CPU
		{F41A0D26-C08B-4A40-86CF-5E13B9CF3284}.Release|x86.ActiveCfg = Release|Any CPU
		{F41A0D26-C08B-4A40-86CF-5E13B9CF3284}.Release|x86.Build.0 = Release|Any CPU
		{D620FE87-E7AD-4C62-866E-40F33A703837}.Debug|Any CPU.ActiveCfg = Debug|x86
		{D620FE87-E7AD-4C62-866E-40F33A703837}.Debug|ARM.ActiveCfg = Debug|ARM
		{D620FE87-E7AD-4C62-866E-40F33A703837}.Debug|ARM.Build.0 = Debug|ARM
		{D620FE87-E7AD-4C62-866E-40F33A703837}.Debug|ARM.Deploy.0 = Debug|ARM
		{D620FE87-E7AD-4C62-866E-40F33A703837}.Debug|iPhone.ActiveCfg = Debug|x86
		{D620FE87-E7AD-4C62-866E-40F33A703837}.Debug|iPhoneSimulator.ActiveCfg = Debug|x86
		{D620FE87-E7AD-4C62-866E-40F33A703837}.Debug|x64.ActiveCfg = Debug|x64
		{D620FE87-E7AD-4C62-866E-40F33A703837}.Debug|x64.Build.0 = Debug|x64
		{D620FE87-E7AD-4C62-866E-40F33A703837}.Debug|x64.Deploy.0 = Debug|x64
		{D620FE87-E7AD-4C62-866E-40F33A703837}.Debug|x86.ActiveCfg = Debug|x86
		{D620FE87-E7AD-4C62-866E-40F33A703837}.Debug|x86.Build.0 = Debug|x86
		{D620FE87-E7AD-4C62-866E-40F33A703837}.Debug|x86.Deploy.0 = Debug|x86
		{D620FE87-E7AD-4C62-866E-40F33A703837}.Release|Any CPU.ActiveCfg = Release|x86
		{D620FE87-E7AD-4C62-866E-40F33A703837}.Release|ARM.ActiveCfg = Release|ARM
		{D620FE87-E7AD-4C62-866E-40F33A703837}.Release|ARM.Build.0 = Release|ARM
		{D620FE87-E7AD-4C62-866E-40F33A703837}.Release|ARM.Deploy.0 = Release|ARM
		{D620FE87-E7AD-4C62-866E-40F33A703837}.Release|iPhone.ActiveCfg = Release|x86
		{D620FE87-E7AD-4C62-866E-40F33A703837}.Release|iPhoneSimulator.ActiveCfg = Release|x86
		{D620FE87-E7AD-4C62-866E-40F33A703837}.Release|x64.ActiveCfg = Release|x64
		{D620FE87-E7AD-4C62-866E-40F33A703837}.Release|x64.Build.0 = Release|x64
		{D620FE87-E7AD-4C62-866E-40F33A703837}.Release|x64.Deploy.0 = Release|x64
		{D620FE87-E7AD-4C62-866E-40F33A703837}.Release|x86.ActiveCfg = Release|x86
		{D620FE87-E7AD-4C62-866E-40F33A703837}.Release|x86.Build.0 = Release|x86
		{D620FE87-E7AD-4C62-866E-40F33A703837}.Release|x86.Deploy.0 = Release|x86
		{7E64C5BF-0417-42F4-B017-5EA66700E337}.Debug|Any CPU.ActiveCfg = Debug|Any CPU
		{7E64C5BF-0417-42F4-B017-5EA66700E337}.Debug|Any CPU.Build.0 = Debug|Any CPU
		{7E64C5BF-0417-42F4-B017-5EA66700E337}.Debug|Any CPU.Deploy.0 = Debug|Any CPU
		{7E64C5BF-0417-42F4-B017-5EA66700E337}.Debug|ARM.ActiveCfg = Debug|Any CPU
		{7E64C5BF-0417-42F4-B017-5EA66700E337}.Debug|ARM.Build.0 = Debug|Any CPU
		{7E64C5BF-0417-42F4-B017-5EA66700E337}.Debug|ARM.Deploy.0 = Debug|Any CPU
		{7E64C5BF-0417-42F4-B017-5EA66700E337}.Debug|iPhone.ActiveCfg = Debug|Any CPU
		{7E64C5BF-0417-42F4-B017-5EA66700E337}.Debug|iPhone.Build.0 = Debug|Any CPU
		{7E64C5BF-0417-42F4-B017-5EA66700E337}.Debug|iPhone.Deploy.0 = Debug|Any CPU
		{7E64C5BF-0417-42F4-B017-5EA66700E337}.Debug|iPhoneSimulator.ActiveCfg = Debug|Any CPU
		{7E64C5BF-0417-42F4-B017-5EA66700E337}.Debug|iPhoneSimulator.Build.0 = Debug|Any CPU
		{7E64C5BF-0417-42F4-B017-5EA66700E337}.Debug|iPhoneSimulator.Deploy.0 = Debug|Any CPU
		{7E64C5BF-0417-42F4-B017-5EA66700E337}.Debug|x64.ActiveCfg = Debug|Any CPU
		{7E64C5BF-0417-42F4-B017-5EA66700E337}.Debug|x64.Build.0 = Debug|Any CPU
		{7E64C5BF-0417-42F4-B017-5EA66700E337}.Debug|x64.Deploy.0 = Debug|Any CPU
		{7E64C5BF-0417-42F4-B017-5EA66700E337}.Debug|x86.ActiveCfg = Debug|Any CPU
		{7E64C5BF-0417-42F4-B017-5EA66700E337}.Debug|x86.Build.0 = Debug|Any CPU
		{7E64C5BF-0417-42F4-B017-5EA66700E337}.Debug|x86.Deploy.0 = Debug|Any CPU
		{7E64C5BF-0417-42F4-B017-5EA66700E337}.Release|Any CPU.ActiveCfg = Release|Any CPU
		{7E64C5BF-0417-42F4-B017-5EA66700E337}.Release|Any CPU.Build.0 = Release|Any CPU
		{7E64C5BF-0417-42F4-B017-5EA66700E337}.Release|Any CPU.Deploy.0 = Release|Any CPU
		{7E64C5BF-0417-42F4-B017-5EA66700E337}.Release|ARM.ActiveCfg = Release|Any CPU
		{7E64C5BF-0417-42F4-B017-5EA66700E337}.Release|ARM.Build.0 = Release|Any CPU
		{7E64C5BF-0417-42F4-B017-5EA66700E337}.Release|ARM.Deploy.0 = Release|Any CPU
		{7E64C5BF-0417-42F4-B017-5EA66700E337}.Release|iPhone.ActiveCfg = Release|Any CPU
		{7E64C5BF-0417-42F4-B017-5EA66700E337}.Release|iPhone.Build.0 = Release|Any CPU
		{7E64C5BF-0417-42F4-B017-5EA66700E337}.Release|iPhone.Deploy.0 = Release|Any CPU
		{7E64C5BF-0417-42F4-B017-5EA66700E337}.Release|iPhoneSimulator.ActiveCfg = Release|Any CPU
		{7E64C5BF-0417-42F4-B017-5EA66700E337}.Release|iPhoneSimulator.Build.0 = Release|Any CPU
		{7E64C5BF-0417-42F4-B017-5EA66700E337}.Release|iPhoneSimulator.Deploy.0 = Release|Any CPU
		{7E64C5BF-0417-42F4-B017-5EA66700E337}.Release|x64.ActiveCfg = Release|Any CPU
		{7E64C5BF-0417-42F4-B017-5EA66700E337}.Release|x64.Build.0 = Release|Any CPU
		{7E64C5BF-0417-42F4-B017-5EA66700E337}.Release|x64.Deploy.0 = Release|Any CPU
		{7E64C5BF-0417-42F4-B017-5EA66700E337}.Release|x86.ActiveCfg = Release|Any CPU
		{7E64C5BF-0417-42F4-B017-5EA66700E337}.Release|x86.Build.0 = Release|Any CPU
		{7E64C5BF-0417-42F4-B017-5EA66700E337}.Release|x86.Deploy.0 = Release|Any CPU
		{F02E3E0A-B5A6-4FBB-81A3-61C9BB7D89AA}.Debug|Any CPU.ActiveCfg = Debug|iPhone
		{F02E3E0A-B5A6-4FBB-81A3-61C9BB7D89AA}.Debug|ARM.ActiveCfg = Debug|iPhone
		{F02E3E0A-B5A6-4FBB-81A3-61C9BB7D89AA}.Debug|iPhone.ActiveCfg = Debug|iPhone
		{F02E3E0A-B5A6-4FBB-81A3-61C9BB7D89AA}.Debug|iPhone.Build.0 = Debug|iPhone
		{F02E3E0A-B5A6-4FBB-81A3-61C9BB7D89AA}.Debug|iPhoneSimulator.ActiveCfg = Debug|iPhoneSimulator
		{F02E3E0A-B5A6-4FBB-81A3-61C9BB7D89AA}.Debug|iPhoneSimulator.Build.0 = Debug|iPhoneSimulator
		{F02E3E0A-B5A6-4FBB-81A3-61C9BB7D89AA}.Debug|x64.ActiveCfg = Debug|iPhone
		{F02E3E0A-B5A6-4FBB-81A3-61C9BB7D89AA}.Debug|x86.ActiveCfg = Debug|iPhone
		{F02E3E0A-B5A6-4FBB-81A3-61C9BB7D89AA}.Release|Any CPU.ActiveCfg = Release|iPhone
		{F02E3E0A-B5A6-4FBB-81A3-61C9BB7D89AA}.Release|ARM.ActiveCfg = Release|iPhone
		{F02E3E0A-B5A6-4FBB-81A3-61C9BB7D89AA}.Release|iPhone.ActiveCfg = Release|iPhone
		{F02E3E0A-B5A6-4FBB-81A3-61C9BB7D89AA}.Release|iPhone.Build.0 = Release|iPhone
		{F02E3E0A-B5A6-4FBB-81A3-61C9BB7D89AA}.Release|iPhoneSimulator.ActiveCfg = Release|iPhoneSimulator
		{F02E3E0A-B5A6-4FBB-81A3-61C9BB7D89AA}.Release|iPhoneSimulator.Build.0 = Release|iPhoneSimulator
		{F02E3E0A-B5A6-4FBB-81A3-61C9BB7D89AA}.Release|x64.ActiveCfg = Release|iPhone
		{F02E3E0A-B5A6-4FBB-81A3-61C9BB7D89AA}.Release|x86.ActiveCfg = Release|iPhone
		{D809AECE-8838-4C5C-9BA3-D7F9C80804B5}.Debug|Any CPU.ActiveCfg = Debug|Any CPU
		{D809AECE-8838-4C5C-9BA3-D7F9C80804B5}.Debug|Any CPU.Build.0 = Debug|Any CPU
		{D809AECE-8838-4C5C-9BA3-D7F9C80804B5}.Debug|ARM.ActiveCfg = Debug|Any CPU
		{D809AECE-8838-4C5C-9BA3-D7F9C80804B5}.Debug|ARM.Build.0 = Debug|Any CPU
		{D809AECE-8838-4C5C-9BA3-D7F9C80804B5}.Debug|iPhone.ActiveCfg = Debug|Any CPU
		{D809AECE-8838-4C5C-9BA3-D7F9C80804B5}.Debug|iPhone.Build.0 = Debug|Any CPU
		{D809AECE-8838-4C5C-9BA3-D7F9C80804B5}.Debug|iPhoneSimulator.ActiveCfg = Debug|Any CPU
		{D809AECE-8838-4C5C-9BA3-D7F9C80804B5}.Debug|iPhoneSimulator.Build.0 = Debug|Any CPU
		{D809AECE-8838-4C5C-9BA3-D7F9C80804B5}.Debug|x64.ActiveCfg = Debug|Any CPU
		{D809AECE-8838-4C5C-9BA3-D7F9C80804B5}.Debug|x64.Build.0 = Debug|Any CPU
		{D809AECE-8838-4C5C-9BA3-D7F9C80804B5}.Debug|x86.ActiveCfg = Debug|Any CPU
		{D809AECE-8838-4C5C-9BA3-D7F9C80804B5}.Debug|x86.Build.0 = Debug|Any CPU
		{D809AECE-8838-4C5C-9BA3-D7F9C80804B5}.Release|Any CPU.ActiveCfg = Release|Any CPU
		{D809AECE-8838-4C5C-9BA3-D7F9C80804B5}.Release|Any CPU.Build.0 = Release|Any CPU
		{D809AECE-8838-4C5C-9BA3-D7F9C80804B5}.Release|ARM.ActiveCfg = Release|Any CPU
		{D809AECE-8838-4C5C-9BA3-D7F9C80804B5}.Release|ARM.Build.0 = Release|Any CPU
		{D809AECE-8838-4C5C-9BA3-D7F9C80804B5}.Release|iPhone.ActiveCfg = Release|Any CPU
		{D809AECE-8838-4C5C-9BA3-D7F9C80804B5}.Release|iPhone.Build.0 = Release|Any CPU
		{D809AECE-8838-4C5C-9BA3-D7F9C80804B5}.Release|iPhoneSimulator.ActiveCfg = Release|Any CPU
		{D809AECE-8838-4C5C-9BA3-D7F9C80804B5}.Release|iPhoneSimulator.Build.0 = Release|Any CPU
		{D809AECE-8838-4C5C-9BA3-D7F9C80804B5}.Release|x64.ActiveCfg = Release|Any CPU
		{D809AECE-8838-4C5C-9BA3-D7F9C80804B5}.Release|x64.Build.0 = Release|Any CPU
		{D809AECE-8838-4C5C-9BA3-D7F9C80804B5}.Release|x86.ActiveCfg = Release|Any CPU
		{D809AECE-8838-4C5C-9BA3-D7F9C80804B5}.Release|x86.Build.0 = Release|Any CPU
	EndGlobalSection
	GlobalSection(SolutionProperties) = preSolution
		HideSolutionNode = FALSE
	EndGlobalSection
	GlobalSection(NestedProjects) = preSolution
		{F2C8E9DB-9E99-4111-A075-E17DFE393318} = {C65DBAE4-D6FB-42DD-A102-A72E0B37632A}
		{D620FE87-E7AD-4C62-866E-40F33A703837} = {C65DBAE4-D6FB-42DD-A102-A72E0B37632A}
		{7E64C5BF-0417-42F4-B017-5EA66700E337} = {C65DBAE4-D6FB-42DD-A102-A72E0B37632A}
		{F02E3E0A-B5A6-4FBB-81A3-61C9BB7D89AA} = {C65DBAE4-D6FB-42DD-A102-A72E0B37632A}
		{D809AECE-8838-4C5C-9BA3-D7F9C80804B5} = {C65DBAE4-D6FB-42DD-A102-A72E0B37632A}
	EndGlobalSection
	GlobalSection(ExtensibilityGlobals) = postSolution
		SolutionGuid = {7858CDF4-8F36-4FE6-8FF6-DFA9B3AD4496}
	EndGlobalSection
EndGlobal
